
Microsoft Visual Studio Solution File, Format Version 12.00
# Visual Studio Version 16
VisualStudioVersion = 16.0.28902.138
MinimumVisualStudioVersion = 10.0.40219.1
Project("{FAE04EC0-301F-11D3-BF4B-00C04F79EFBC}") = "EFConsole", "EFConsole.csproj", "{65B7B7F1-9C91-4CD0-A99B-7B555554FFDF}"
EndProject
Global
	GlobalSection(SolutionConfigurationPlatforms) = preSolution
		Debug|Any CPU = Debug|Any CPU
		Release|Any CPU = Release|Any CPU
	EndGlobalSection
	GlobalSection(ProjectConfigurationPlatforms) = postSolution
		{65B7B7F1-9C91-4CD0-A99B-7B555554FFDF}.Debug|Any CPU.ActiveCfg = Debug|Any CPU
		{65B7B7F1-9C91-4CD0-A99B-7B555554FFDF}.Debug|Any CPU.Build.0 = Debug|Any CPU
		{65B7B7F1-9C91-4CD0-A99B-7B555554FFDF}.Release|Any CPU.ActiveCfg = Release|Any CPU
		{65B7B7F1-9C91-4CD0-A99B-7B555554FFDF}.Release|Any CPU.Build.0 = Release|Any CPU
	EndGlobalSection
	GlobalSection(SolutionProperties) = preSolution
		HideSolutionNode = FALSE
	EndGlobalSection
	GlobalSection(ExtensibilityGlobals) = postSolution
		SolutionGuid = {28970FB4-1987-4EB3-863B-04E0FC17ED35}
	EndGlobalSection
EndGlobal
